<?xml version="1.0" encoding="utf-8"?>
<Project ToolsVersion="4.0" xmlns="http://schemas.microsoft.com/developer/msbuild/2003">
  <ItemGroup>
    <ClCompile Include="Axes.cpp" />
    <ClCompile Include="boost.cpp" />
    <ClCompile Include="boostObject.cpp" />
    <ClCompile Include="Box.cpp" />
    <ClCompile Include="Colored Cube App.cpp" />
    <ClCompile Include="d3dApp.cpp" />
    <ClCompile Include="GameObject.cpp" />
    <ClCompile Include="GameTimer.cpp" />
    <ClCompile Include="Ground_NickHalvorsen.cpp" />
    <ClCompile Include="Line.cpp" />
    <ClCompile Include="Mountain - Nathan Snyder.cpp" />
    <ClCompile Include="Obstacle.cpp" />
    <ClCompile Include="Plane_NickHalvorsen.cpp" />
    <ClCompile Include="Player.cpp" />
    <ClCompile Include="audio.cpp" />
  </ItemGroup>
  <ItemGroup>
    <ClInclude Include="Axes.h" />
    <ClInclude Include="boost.h" />
    <ClInclude Include="boostObject.h" />
    <ClInclude Include="Box.h" />
    <ClInclude Include="constants.h" />
    <ClInclude Include="d3dApp.h" />
    <ClInclude Include="d3dUtil.h" />
    <ClInclude Include="GameObject.h" />
    <ClInclude Include="GameTimer.h" />
    <ClInclude Include="Ground_NickHalvorsen.h" />
    <ClInclude Include="Line.h" />
    <ClInclude Include="Mountain - Nathan Snyder.h" />
    <ClInclude Include="Obstacle.h" />
    <ClInclude Include="Plane_NickHalvorsen.h" />
    <ClInclude Include="Player.h" />
    <ClInclude Include="Vertex.h" />
    <ClInclude Include="audio.h" />
    <ClInclude Include="Ship.h" />
  </ItemGroup>
  <ItemGroup>
    <None Include="color.fx" />
  </ItemGroup>
</Project>